
Microsoft Visual Studio Solution File, Format Version 12.00
# Visual Studio 2013
VisualStudioVersion = 12.0.21005.1
MinimumVisualStudioVersion = 10.0.40219.1
Project("{F184B08F-C81C-45F6-A57F-5ABD9991F28F}") = "longtvpk00497", "longtvpk00497\longtvpk00497.vbproj", "{A7696652-BDB9-4E57-BF62-B856B46CB387}"
EndProject
Global
	GlobalSection(SolutionConfigurationPlatforms) = preSolution
		Debug|Any CPU = Debug|Any CPU
		Release|Any CPU = Release|Any CPU
	EndGlobalSection
	GlobalSection(ProjectConfigurationPlatforms) = postSolution
		{A7696652-BDB9-4E57-BF62-B856B46CB387}.Debug|Any CPU.ActiveCfg = Debug|Any CPU
		{A7696652-BDB9-4E57-BF62-B856B46CB387}.Debug|Any CPU.Build.0 = Debug|Any CPU
		{A7696652-BDB9-4E57-BF62-B856B46CB387}.Release|Any CPU.ActiveCfg = Release|Any CPU
		{A7696652-BDB9-4E57-BF62-B856B46CB387}.Release|Any CPU.Build.0 = Release|Any CPU
	EndGlobalSection
	GlobalSection(SolutionProperties) = preSolution
		HideSolutionNode = FALSE
	EndGlobalSection
EndGlobal
